
Microsoft Visual Studio Solution File, Format Version 12.00
Project("{2150E333-8FDC-42A3-9474-1A3956D46DE8}") = "Test", "Test", "{4D68F7D4-937B-4744-9A14-A0831BA0E4A2}"
EndProject
Project("{2150E333-8FDC-42A3-9474-1A3956D46DE8}") = "Source", "Source", "{9FFAE5CC-73CE-4BE9-B0AC-23BC52ED4AC1}"
EndProject
Project("{2150E333-8FDC-42A3-9474-1A3956D46DE8}") = "UnitTest", "UnitTest", "{36C5190A-9988-4732-B4C2-EC14AC30F22A}"
EndProject
Project("{2150E333-8FDC-42A3-9474-1A3956D46DE8}") = "Integration", "Integration", "{3EEE19B1-D894-4276-B6A7-A9138A2D8415}"
EndProject
Project("{FAE04EC0-301F-11D3-BF4B-00C04F79EFBC}") = "Magnett.Automation.Core", "src\Magnett.Automation.Core\Magnett.Automation.Core.csproj", "{11CA044E-958C-4B4A-937B-EE8DC6FC5774}"
EndProject
Project("{FAE04EC0-301F-11D3-BF4B-00C04F79EFBC}") = "Magnett.Automation.Core.IntegrationTest", "test\Magnett.Automation.Core.IntegrationTest\Magnett.Automation.Core.IntegrationTest.csproj", "{BED0A9B4-469F-461D-9669-A939A8E8903A}"
EndProject
Project("{FAE04EC0-301F-11D3-BF4B-00C04F79EFBC}") = "Magnett.Automation.Core.UnitTest", "test\Magnett.Automation.Core.UnitTest\Magnett.Automation.Core.UnitTest.csproj", "{7927DDB3-21BE-4D5C-B09E-C62546DD7A09}"
EndProject
Project("{2150E333-8FDC-42A3-9474-1A3956D46DE8}") = "Devops", "Devops", "{6EE73F9D-425B-4287-A9C5-23AD9E498CE8}"
	ProjectSection(SolutionItems) = preProject
		.github\workflows\build.yml = .github\workflows\build.yml
		.github\workflows\release.yml = .github\workflows\release.yml
		.github\workflows\release-to-nuget.yml = .github\workflows\release-to-nuget.yml
	EndProjectSection
EndProject
Global
	GlobalSection(SolutionConfigurationPlatforms) = preSolution
		Debug|Any CPU = Debug|Any CPU
		Release|Any CPU = Release|Any CPU
	EndGlobalSection
	GlobalSection(ProjectConfigurationPlatforms) = postSolution
		{11CA044E-958C-4B4A-937B-EE8DC6FC5774}.Debug|Any CPU.ActiveCfg = Debug|Any CPU
		{11CA044E-958C-4B4A-937B-EE8DC6FC5774}.Debug|Any CPU.Build.0 = Debug|Any CPU
		{11CA044E-958C-4B4A-937B-EE8DC6FC5774}.Release|Any CPU.ActiveCfg = Release|Any CPU
		{11CA044E-958C-4B4A-937B-EE8DC6FC5774}.Release|Any CPU.Build.0 = Release|Any CPU
		{BED0A9B4-469F-461D-9669-A939A8E8903A}.Debug|Any CPU.ActiveCfg = Debug|Any CPU
		{BED0A9B4-469F-461D-9669-A939A8E8903A}.Debug|Any CPU.Build.0 = Debug|Any CPU
		{BED0A9B4-469F-461D-9669-A939A8E8903A}.Release|Any CPU.ActiveCfg = Release|Any CPU
		{BED0A9B4-469F-461D-9669-A939A8E8903A}.Release|Any CPU.Build.0 = Release|Any CPU
		{7927DDB3-21BE-4D5C-B09E-C62546DD7A09}.Debug|Any CPU.ActiveCfg = Debug|Any CPU
		{7927DDB3-21BE-4D5C-B09E-C62546DD7A09}.Debug|Any CPU.Build.0 = Debug|Any CPU
		{7927DDB3-21BE-4D5C-B09E-C62546DD7A09}.Release|Any CPU.ActiveCfg = Release|Any CPU
		{7927DDB3-21BE-4D5C-B09E-C62546DD7A09}.Release|Any CPU.Build.0 = Release|Any CPU
	EndGlobalSection
	GlobalSection(NestedProjects) = preSolution
		{36C5190A-9988-4732-B4C2-EC14AC30F22A} = {4D68F7D4-937B-4744-9A14-A0831BA0E4A2}
		{3EEE19B1-D894-4276-B6A7-A9138A2D8415} = {4D68F7D4-937B-4744-9A14-A0831BA0E4A2}
		{11CA044E-958C-4B4A-937B-EE8DC6FC5774} = {9FFAE5CC-73CE-4BE9-B0AC-23BC52ED4AC1}
		{BED0A9B4-469F-461D-9669-A939A8E8903A} = {3EEE19B1-D894-4276-B6A7-A9138A2D8415}
		{7927DDB3-21BE-4D5C-B09E-C62546DD7A09} = {36C5190A-9988-4732-B4C2-EC14AC30F22A}
	EndGlobalSection
EndGlobal
