
Microsoft Visual Studio Solution File, Format Version 12.00
Project("{FAE04EC0-301F-11D3-BF4B-00C04F79EFBC}") = "Magnett.Automation.Core", "Magnett.Automation.Core\Magnett.Automation.Core.csproj", "{A829C39D-90E0-43A5-A43F-CB9B8EF1345D}"
EndProject
Project("{FAE04EC0-301F-11D3-BF4B-00C04F79EFBC}") = "Magnett.Automation.Core.UnitTest", "Magnett.Automation.Core.UnitTest\Magnett.Automation.Core.UnitTest.csproj", "{F12F2ADE-9ACD-4000-9FB5-DB3E4B4B3008}"
EndProject
Project("{2150E333-8FDC-42A3-9474-1A3956D46DE8}") = "Test", "Test", "{4D68F7D4-937B-4744-9A14-A0831BA0E4A2}"
EndProject
Project("{2150E333-8FDC-42A3-9474-1A3956D46DE8}") = "Source", "Source", "{9FFAE5CC-73CE-4BE9-B0AC-23BC52ED4AC1}"
EndProject
Project("{FAE04EC0-301F-11D3-BF4B-00C04F79EFBC}") = "Magnett.Automation.Core.IntegrationTest", "Magnett.Automation.Core.IntegrationTest\Magnett.Automation.Core.IntegrationTest.csproj", "{BE6C9A35-F7A6-4780-8A43-C104CDDA434B}"
EndProject
Project("{2150E333-8FDC-42A3-9474-1A3956D46DE8}") = "UnitTest", "UnitTest", "{36C5190A-9988-4732-B4C2-EC14AC30F22A}"
EndProject
Project("{2150E333-8FDC-42A3-9474-1A3956D46DE8}") = "Integration", "Integration", "{3EEE19B1-D894-4276-B6A7-A9138A2D8415}"
EndProject
Project("{2150E333-8FDC-42A3-9474-1A3956D46DE8}") = "Benchmark", "Benchmark", "{AD43A08C-3388-4F26-BD9E-949E2887CBA6}"
EndProject
Global
	GlobalSection(SolutionConfigurationPlatforms) = preSolution
		Debug|Any CPU = Debug|Any CPU
		Release|Any CPU = Release|Any CPU
	EndGlobalSection
	GlobalSection(ProjectConfigurationPlatforms) = postSolution
		{A829C39D-90E0-43A5-A43F-CB9B8EF1345D}.Debug|Any CPU.ActiveCfg = Debug|Any CPU
		{A829C39D-90E0-43A5-A43F-CB9B8EF1345D}.Debug|Any CPU.Build.0 = Debug|Any CPU
		{A829C39D-90E0-43A5-A43F-CB9B8EF1345D}.Release|Any CPU.ActiveCfg = Release|Any CPU
		{A829C39D-90E0-43A5-A43F-CB9B8EF1345D}.Release|Any CPU.Build.0 = Release|Any CPU
		{F12F2ADE-9ACD-4000-9FB5-DB3E4B4B3008}.Debug|Any CPU.ActiveCfg = Debug|Any CPU
		{F12F2ADE-9ACD-4000-9FB5-DB3E4B4B3008}.Debug|Any CPU.Build.0 = Debug|Any CPU
		{F12F2ADE-9ACD-4000-9FB5-DB3E4B4B3008}.Release|Any CPU.ActiveCfg = Release|Any CPU
		{F12F2ADE-9ACD-4000-9FB5-DB3E4B4B3008}.Release|Any CPU.Build.0 = Release|Any CPU
		{BE6C9A35-F7A6-4780-8A43-C104CDDA434B}.Debug|Any CPU.ActiveCfg = Debug|Any CPU
		{BE6C9A35-F7A6-4780-8A43-C104CDDA434B}.Debug|Any CPU.Build.0 = Debug|Any CPU
		{BE6C9A35-F7A6-4780-8A43-C104CDDA434B}.Release|Any CPU.ActiveCfg = Release|Any CPU
		{BE6C9A35-F7A6-4780-8A43-C104CDDA434B}.Release|Any CPU.Build.0 = Release|Any CPU
	EndGlobalSection
	GlobalSection(NestedProjects) = preSolution
		{A829C39D-90E0-43A5-A43F-CB9B8EF1345D} = {9FFAE5CC-73CE-4BE9-B0AC-23BC52ED4AC1}
		{36C5190A-9988-4732-B4C2-EC14AC30F22A} = {4D68F7D4-937B-4744-9A14-A0831BA0E4A2}
		{3EEE19B1-D894-4276-B6A7-A9138A2D8415} = {4D68F7D4-937B-4744-9A14-A0831BA0E4A2}
		{BE6C9A35-F7A6-4780-8A43-C104CDDA434B} = {3EEE19B1-D894-4276-B6A7-A9138A2D8415}
		{F12F2ADE-9ACD-4000-9FB5-DB3E4B4B3008} = {36C5190A-9988-4732-B4C2-EC14AC30F22A}
		{AD43A08C-3388-4F26-BD9E-949E2887CBA6} = {4D68F7D4-937B-4744-9A14-A0831BA0E4A2}
	EndGlobalSection
EndGlobal
